
Microsoft Visual Studio Solution File, Format Version 12.00
# Visual Studio 15
VisualStudioVersion = 15.0.26403.7
MinimumVisualStudioVersion = 10.0.40219.1
Project("{2150E333-8FDC-42A3-9474-1A3956D46DE8}") = "Database", "Database", "{4B6D0A99-F3FF-451D-8E91-296A49F21D7B}"
EndProject
Project("{FAE04EC0-301F-11D3-BF4B-00C04F79EFBC}") = "Mail.Database.ScriptRunner", "Database\Mail.Database.ScriptRunner\Mail.Database.ScriptRunner.csproj", "{B3CF933B-4137-4882-9435-488CF3585D99}"
EndProject
Project("{FAE04EC0-301F-11D3-BF4B-00C04F79EFBC}") = "Mail.Data", "Mail.Data\Mail.Data.csproj", "{78C9DD91-E40A-4A19-92FD-BAEAA6CDAC81}"
EndProject
Project("{FAE04EC0-301F-11D3-BF4B-00C04F79EFBC}") = "Mail.Services", "Mail.Services\Mail.Services.csproj", "{1D3E83BD-B111-4AF0-9051-D682A04E8535}"
EndProject
Project("{2150E333-8FDC-42A3-9474-1A3956D46DE8}") = "Presentation", "Presentation", "{97052021-383C-4D20-BB64-40A5A1FB5053}"
EndProject
Project("{FAE04EC0-301F-11D3-BF4B-00C04F79EFBC}") = "Mail.WebApi", "Mail.WebApi\Mail.WebApi.csproj", "{A8C0A0FB-F7C6-4207-AD68-83EE36A4F0D2}"
EndProject
Project("{FAE04EC0-301F-11D3-BF4B-00C04F79EFBC}") = "Mail", "Presentation\Mail\Mail.csproj", "{C7804BE0-E8FC-4DF7-88B3-C9227C6BF72E}"
EndProject
Global
	GlobalSection(SolutionConfigurationPlatforms) = preSolution
		Debug|Any CPU = Debug|Any CPU
		Release|Any CPU = Release|Any CPU
	EndGlobalSection
	GlobalSection(ProjectConfigurationPlatforms) = postSolution
		{B3CF933B-4137-4882-9435-488CF3585D99}.Debug|Any CPU.ActiveCfg = Debug|Any CPU
		{B3CF933B-4137-4882-9435-488CF3585D99}.Debug|Any CPU.Build.0 = Debug|Any CPU
		{B3CF933B-4137-4882-9435-488CF3585D99}.Release|Any CPU.ActiveCfg = Release|Any CPU
		{B3CF933B-4137-4882-9435-488CF3585D99}.Release|Any CPU.Build.0 = Release|Any CPU
		{78C9DD91-E40A-4A19-92FD-BAEAA6CDAC81}.Debug|Any CPU.ActiveCfg = Debug|Any CPU
		{78C9DD91-E40A-4A19-92FD-BAEAA6CDAC81}.Debug|Any CPU.Build.0 = Debug|Any CPU
		{78C9DD91-E40A-4A19-92FD-BAEAA6CDAC81}.Release|Any CPU.ActiveCfg = Release|Any CPU
		{78C9DD91-E40A-4A19-92FD-BAEAA6CDAC81}.Release|Any CPU.Build.0 = Release|Any CPU
		{1D3E83BD-B111-4AF0-9051-D682A04E8535}.Debug|Any CPU.ActiveCfg = Debug|Any CPU
		{1D3E83BD-B111-4AF0-9051-D682A04E8535}.Debug|Any CPU.Build.0 = Debug|Any CPU
		{1D3E83BD-B111-4AF0-9051-D682A04E8535}.Release|Any CPU.ActiveCfg = Release|Any CPU
		{1D3E83BD-B111-4AF0-9051-D682A04E8535}.Release|Any CPU.Build.0 = Release|Any CPU
		{A8C0A0FB-F7C6-4207-AD68-83EE36A4F0D2}.Debug|Any CPU.ActiveCfg = Debug|Any CPU
		{A8C0A0FB-F7C6-4207-AD68-83EE36A4F0D2}.Debug|Any CPU.Build.0 = Debug|Any CPU
		{A8C0A0FB-F7C6-4207-AD68-83EE36A4F0D2}.Release|Any CPU.ActiveCfg = Release|Any CPU
		{A8C0A0FB-F7C6-4207-AD68-83EE36A4F0D2}.Release|Any CPU.Build.0 = Release|Any CPU
		{C7804BE0-E8FC-4DF7-88B3-C9227C6BF72E}.Debug|Any CPU.ActiveCfg = Debug|Any CPU
		{C7804BE0-E8FC-4DF7-88B3-C9227C6BF72E}.Debug|Any CPU.Build.0 = Debug|Any CPU
		{C7804BE0-E8FC-4DF7-88B3-C9227C6BF72E}.Release|Any CPU.ActiveCfg = Release|Any CPU
		{C7804BE0-E8FC-4DF7-88B3-C9227C6BF72E}.Release|Any CPU.Build.0 = Release|Any CPU
	EndGlobalSection
	GlobalSection(SolutionProperties) = preSolution
		HideSolutionNode = FALSE
	EndGlobalSection
	GlobalSection(NestedProjects) = preSolution
		{B3CF933B-4137-4882-9435-488CF3585D99} = {4B6D0A99-F3FF-451D-8E91-296A49F21D7B}
		{C7804BE0-E8FC-4DF7-88B3-C9227C6BF72E} = {97052021-383C-4D20-BB64-40A5A1FB5053}
	EndGlobalSection
EndGlobal
